// !$*UTF8*$!
{
	archiveVersion = 1;
	classes = {
	};
	objectVersion = 50;
	objects = {

/* Begin PBXBuildFile section */
		206A90B72DE868BC73EDACE7 /* Pods_ComponentTest.framework in Frameworks */ = {isa = PBXBuildFile; fileRef = 597A4720D1B21AFA12A0A884 /* Pods_ComponentTest.framework */; };
		4C09137F43C6768BC6E57E2E /* Pods_ComponentTestUITests.framework in Frameworks */ = {isa = PBXBuildFile; fileRef = C1E84F68B619A80810A351E6 /* Pods_ComponentTestUITests.framework */; };
		53416564225F13CC009847A9 /* AppDelegate.m in Sources */ = {isa = PBXBuildFile; fileRef = 53416563225F13CC009847A9 /* AppDelegate.m */; };
		53416567225F13CC009847A9 /* ViewController.m in Sources */ = {isa = PBXBuildFile; fileRef = 53416566225F13CC009847A9 /* ViewController.m */; };
		5341656A225F13CC009847A9 /* Main.storyboard in Resources */ = {isa = PBXBuildFile; fileRef = 53416568225F13CC009847A9 /* Main.storyboard */; };
		5341656C225F13CE009847A9 /* Assets.xcassets in Resources */ = {isa = PBXBuildFile; fileRef = 5341656B225F13CE009847A9 /* Assets.xcassets */; };
		5341656F225F13CE009847A9 /* LaunchScreen.storyboard in Resources */ = {isa = PBXBuildFile; fileRef = 5341656D225F13CE009847A9 /* LaunchScreen.storyboard */; };
		53416572225F13CE009847A9 /* main.m in Sources */ = {isa = PBXBuildFile; fileRef = 53416571225F13CE009847A9 /* main.m */; };
		5341657C225F13CE009847A9 /* ComponentTestTests.m in Sources */ = {isa = PBXBuildFile; fileRef = 5341657B225F13CE009847A9 /* ComponentTestTests.m */; };
		53416587225F13CE009847A9 /* ComponentTestUITests.m in Sources */ = {isa = PBXBuildFile; fileRef = 53416586225F13CE009847A9 /* ComponentTestUITests.m */; };
		FF5C73FD2F75FEDBB52AAF14 /* Pods_ComponentTestTests.framework in Frameworks */ = {isa = PBXBuildFile; fileRef = 2DF5B42E0B5141B4EB113D50 /* Pods_ComponentTestTests.framework */; };
/* End PBXBuildFile section */

/* Begin PBXContainerItemProxy section */
		53416578225F13CE009847A9 /* PBXContainerItemProxy */ = {
			isa = PBXContainerItemProxy;
			containerPortal = 53416557225F13CC009847A9 /* Project object */;
			proxyType = 1;
			remoteGlobalIDString = 5341655E225F13CC009847A9;
			remoteInfo = ComponentTest;
		};
		53416583225F13CE009847A9 /* PBXContainerItemProxy */ = {
			isa = PBXContainerItemProxy;
			containerPortal = 53416557225F13CC009847A9 /* Project object */;
			proxyType = 1;
			remoteGlobalIDString = 5341655E225F13CC009847A9;
			remoteInfo = ComponentTest;
		};
/* End PBXContainerItemProxy section */

/* Begin PBXFileReference section */
		117046BB0367B763BF616D3C /* Pods-ComponentTest.debug.xcconfig */ = {isa = PBXFileReference; includeInIndex = 1; lastKnownFileType = text.xcconfig; name = "Pods-ComponentTest.debug.xcconfig"; path = "Pods/Target Support Files/Pods-ComponentTest/Pods-ComponentTest.debug.xcconfig"; sourceTree = "<group>"; };
		1B27E4BADE239C4B0FF5846A /* Pods-ComponentTestTests.release.xcconfig */ = {isa = PBXFileReference; includeInIndex = 1; lastKnownFileType = text.xcconfig; name = "Pods-ComponentTestTests.release.xcconfig"; path = "Pods/Target Support Files/Pods-ComponentTestTests/Pods-ComponentTestTests.release.xcconfig"; sourceTree = "<group>"; };
		2DF5B42E0B5141B4EB113D50 /* Pods_ComponentTestTests.framework */ = {isa = PBXFileReference; explicitFileType = wrapper.framework; includeInIndex = 0; path = Pods_ComponentTestTests.framework; sourceTree = BUILT_PRODUCTS_DIR; };
		5341655F225F13CC009847A9 /* ComponentTest.app */ = {isa = PBXFileReference; explicitFileType = wrapper.application; includeInIndex = 0; path = ComponentTest.app; sourceTree = BUILT_PRODUCTS_DIR; };
		53416562225F13CC009847A9 /* AppDelegate.h */ = {isa = PBXFileReference; lastKnownFileType = sourcecode.c.h; path = AppDelegate.h; sourceTree = "<group>"; };
		53416563225F13CC009847A9 /* AppDelegate.m */ = {isa = PBXFileReference; lastKnownFileType = sourcecode.c.objc; path = AppDelegate.m; sourceTree = "<group>"; };
		53416565225F13CC009847A9 /* ViewController.h */ = {isa = PBXFileReference; lastKnownFileType = sourcecode.c.h; path = ViewController.h; sourceTree = "<group>"; };
		53416566225F13CC009847A9 /* ViewController.m */ = {isa = PBXFileReference; lastKnownFileType = sourcecode.c.objc; path = ViewController.m; sourceTree = "<group>"; };
		53416569225F13CC009847A9 /* Base */ = {isa = PBXFileReference; lastKnownFileType = file.storyboard; name = Base; path = Base.lproj/Main.storyboard; sourceTree = "<group>"; };
		5341656B225F13CE009847A9 /* Assets.xcassets */ = {isa = PBXFileReference; lastKnownFileType = folder.assetcatalog; path = Assets.xcassets; sourceTree = "<group>"; };
		5341656E225F13CE009847A9 /* Base */ = {isa = PBXFileReference; lastKnownFileType = file.storyboard; name = Base; path = Base.lproj/LaunchScreen.storyboard; sourceTree = "<group>"; };
		53416570225F13CE009847A9 /* Info.plist */ = {isa = PBXFileReference; lastKnownFileType = text.plist.xml; path = Info.plist; sourceTree = "<group>"; };
		53416571225F13CE009847A9 /* main.m */ = {isa = PBXFileReference; lastKnownFileType = sourcecode.c.objc; path = main.m; sourceTree = "<group>"; };
		53416577225F13CE009847A9 /* ComponentTestTests.xctest */ = {isa = PBXFileReference; explicitFileType = wrapper.cfbundle; includeInIndex = 0; path = ComponentTestTests.xctest; sourceTree = BUILT_PRODUCTS_DIR; };
		5341657B225F13CE009847A9 /* ComponentTestTests.m */ = {isa = PBXFileReference; lastKnownFileType = sourcecode.c.objc; path = ComponentTestTests.m; sourceTree = "<group>"; };
		5341657D225F13CE009847A9 /* Info.plist */ = {isa = PBXFileReference; lastKnownFileType = text.plist.xml; path = Info.plist; sourceTree = "<group>"; };
		53416582225F13CE009847A9 /* ComponentTestUITests.xctest */ = {isa = PBXFileReference; explicitFileType = wrapper.cfbundle; includeInIndex = 0; path = ComponentTestUITests.xctest; sourceTree = BUILT_PRODUCTS_DIR; };
		53416586225F13CE009847A9 /* ComponentTestUITests.m */ = {isa = PBXFileReference; lastKnownFileType = sourcecode.c.objc; path = ComponentTestUITests.m; sourceTree = "<group>"; };
		53416588225F13CE009847A9 /* Info.plist */ = {isa = PBXFileReference; lastKnownFileType = text.plist.xml; path = Info.plist; sourceTree = "<group>"; };
		597A4720D1B21AFA12A0A884 /* Pods_ComponentTest.framework */ = {isa = PBXFileReference; explicitFileType = wrapper.framework; includeInIndex = 0; path = Pods_ComponentTest.framework; sourceTree = BUILT_PRODUCTS_DIR; };
		87E1F97C511EE8A7751DB68E /* Pods-ComponentTest.release.xcconfig */ = {isa = PBXFileReference; includeInIndex = 1; lastKnownFileType = text.xcconfig; name = "Pods-ComponentTest.release.xcconfig"; path = "Pods/Target Support Files/Pods-ComponentTest/Pods-ComponentTest.release.xcconfig"; sourceTree = "<group>"; };
		A6630761C72836B22783B88D /* Pods-ComponentTestUITests.release.xcconfig */ = {isa = PBXFileReference; includeInIndex = 1; lastKnownFileType = text.xcconfig; name = "Pods-ComponentTestUITests.release.xcconfig"; path = "Pods/Target Support Files/Pods-ComponentTestUITests/Pods-ComponentTestUITests.release.xcconfig"; sourceTree = "<group>"; };
		C1E84F68B619A80810A351E6 /* Pods_ComponentTestUITests.framework */ = {isa = PBXFileReference; explicitFileType = wrapper.framework; includeInIndex = 0; path = Pods_ComponentTestUITests.framework; sourceTree = BUILT_PRODUCTS_DIR; };
		CB238109B7C9595D3AAA7D23 /* Pods-ComponentTestUITests.debug.xcconfig */ = {isa = PBXFileReference; includeInIndex = 1; lastKnownFileType = text.xcconfig; name = "Pods-ComponentTestUITests.debug.xcconfig"; path = "Pods/Target Support Files/Pods-ComponentTestUITests/Pods-ComponentTestUITests.debug.xcconfig"; sourceTree = "<group>"; };
		D55BC552204BD711D7A827B4 /* Pods-ComponentTestTests.debug.xcconfig */ = {isa = PBXFileReference; includeInIndex = 1; lastKnownFileType = text.xcconfig; name = "Pods-ComponentTestTests.debug.xcconfig"; path = "Pods/Target Support Files/Pods-ComponentTestTests/Pods-ComponentTestTests.debug.xcconfig"; sourceTree = "<group>"; };
/* End PBXFileReference section */

/* Begin PBXFrameworksBuildPhase section */
		5341655C225F13CC009847A9 /* Frameworks */ = {
			isa = PBXFrameworksBuildPhase;
			buildActionMask = 2147483647;
			files = (
				206A90B72DE868BC73EDACE7 /* Pods_ComponentTest.framework in Frameworks */,
			);
			runOnlyForDeploymentPostprocessing = 0;
		};
		53416574225F13CE009847A9 /* Frameworks */ = {
			isa = PBXFrameworksBuildPhase;
			buildActionMask = 2147483647;
			files = (
				FF5C73FD2F75FEDBB52AAF14 /* Pods_ComponentTestTests.framework in Frameworks */,
			);
			runOnlyForDeploymentPostprocessing = 0;
		};
		5341657F225F13CE009847A9 /* Frameworks */ = {
			isa = PBXFrameworksBuildPhase;
			buildActionMask = 2147483647;
			files = (
				4C09137F43C6768BC6E57E2E /* Pods_ComponentTestUITests.framework in Frameworks */,
			);
			runOnlyForDeploymentPostprocessing = 0;
		};
/* End PBXFrameworksBuildPhase section */

/* Begin PBXGroup section */
		53416556225F13CC009847A9 = {
			isa = PBXGroup;
			children = (
				53416561225F13CC009847A9 /* ComponentTest */,
				5341657A225F13CE009847A9 /* ComponentTestTests */,
				53416585225F13CE009847A9 /* ComponentTestUITests */,
				53416560225F13CC009847A9 /* Products */,
				BC1427520F1A3BDAC2DB3089 /* Pods */,
				B22F79132C4B8A6717499198 /* Frameworks */,
			);
			sourceTree = "<group>";
		};
		53416560225F13CC009847A9 /* Products */ = {
			isa = PBXGroup;
			children = (
				5341655F225F13CC009847A9 /* ComponentTest.app */,
				53416577225F13CE009847A9 /* ComponentTestTests.xctest */,
				53416582225F13CE009847A9 /* ComponentTestUITests.xctest */,
			);
			name = Products;
			sourceTree = "<group>";
		};
		53416561225F13CC009847A9 /* ComponentTest */ = {
			isa = PBXGroup;
			children = (
				53416562225F13CC009847A9 /* AppDelegate.h */,
				53416563225F13CC009847A9 /* AppDelegate.m */,
				53416565225F13CC009847A9 /* ViewController.h */,
				53416566225F13CC009847A9 /* ViewController.m */,
				53416568225F13CC009847A9 /* Main.storyboard */,
				5341656B225F13CE009847A9 /* Assets.xcassets */,
				5341656D225F13CE009847A9 /* LaunchScreen.storyboard */,
				53416570225F13CE009847A9 /* Info.plist */,
				53416571225F13CE009847A9 /* main.m */,
			);
			path = ComponentTest;
			sourceTree = "<group>";
		};
		5341657A225F13CE009847A9 /* ComponentTestTests */ = {
			isa = PBXGroup;
			children = (
				5341657B225F13CE009847A9 /* ComponentTestTests.m */,
				5341657D225F13CE009847A9 /* Info.plist */,
			);
			path = ComponentTestTests;
			sourceTree = "<group>";
		};
		53416585225F13CE009847A9 /* ComponentTestUITests */ = {
			isa = PBXGroup;
			children = (
				53416586225F13CE009847A9 /* ComponentTestUITests.m */,
				53416588225F13CE009847A9 /* Info.plist */,
			);
			path = ComponentTestUITests;
			sourceTree = "<group>";
		};
		B22F79132C4B8A6717499198 /* Frameworks */ = {
			isa = PBXGroup;
			children = (
				597A4720D1B21AFA12A0A884 /* Pods_ComponentTest.framework */,
				2DF5B42E0B5141B4EB113D50 /* Pods_ComponentTestTests.framework */,
				C1E84F68B619A80810A351E6 /* Pods_ComponentTestUITests.framework */,
			);
			name = Frameworks;
			sourceTree = "<group>";
		};
		BC1427520F1A3BDAC2DB3089 /* Pods */ = {
			isa = PBXGroup;
			children = (
				117046BB0367B763BF616D3C /* Pods-ComponentTest.debug.xcconfig */,
				87E1F97C511EE8A7751DB68E /* Pods-ComponentTest.release.xcconfig */,
				D55BC552204BD711D7A827B4 /* Pods-ComponentTestTests.debug.xcconfig */,
				1B27E4BADE239C4B0FF5846A /* Pods-ComponentTestTests.release.xcconfig */,
				CB238109B7C9595D3AAA7D23 /* Pods-ComponentTestUITests.debug.xcconfig */,
				A6630761C72836B22783B88D /* Pods-ComponentTestUITests.release.xcconfig */,
			);
			name = Pods;
			sourceTree = "<group>";
		};
/* End PBXGroup section */

/* Begin PBXNativeTarget section */
		5341655E225F13CC009847A9 /* ComponentTest */ = {
			isa = PBXNativeTarget;
			buildConfigurationList = 5341658B225F13CE009847A9 /* Build configuration list for PBXNativeTarget "ComponentTest" */;
			buildPhases = (
				13BABBF755A1EDC53E81E18E /* [CP] Check Pods Manifest.lock */,
				5341655B225F13CC009847A9 /* Sources */,
				5341655C225F13CC009847A9 /* Frameworks */,
				5341655D225F13CC009847A9 /* Resources */,
				536EB728AFFF74B58D0BF4A8 /* [CP] Embed Pods Frameworks */,
			);
			buildRules = (
			);
			dependencies = (
			);
			name = ComponentTest;
			productName = ComponentTest;
			productReference = 5341655F225F13CC009847A9 /* ComponentTest.app */;
			productType = "com.apple.product-type.application";
		};
		53416576225F13CE009847A9 /* ComponentTestTests */ = {
			isa = PBXNativeTarget;
			buildConfigurationList = 5341658E225F13CE009847A9 /* Build configuration list for PBXNativeTarget "ComponentTestTests" */;
			buildPhases = (
				C68B087153FBF4C9DF87D75D /* [CP] Check Pods Manifest.lock */,
				53416573225F13CE009847A9 /* Sources */,
				53416574225F13CE009847A9 /* Frameworks */,
				53416575225F13CE009847A9 /* Resources */,
			);
			buildRules = (
			);
			dependencies = (
				53416579225F13CE009847A9 /* PBXTargetDependency */,
			);
			name = ComponentTestTests;
			productName = ComponentTestTests;
			productReference = 53416577225F13CE009847A9 /* ComponentTestTests.xctest */;
			productType = "com.apple.product-type.bundle.unit-test";
		};
		53416581225F13CE009847A9 /* ComponentTestUITests */ = {
			isa = PBXNativeTarget;
			buildConfigurationList = 53416591225F13CE009847A9 /* Build configuration list for PBXNativeTarget "ComponentTestUITests" */;
			buildPhases = (
				1E729AA19CA95EDEB8A54C6B /* [CP] Check Pods Manifest.lock */,
				5341657E225F13CE009847A9 /* Sources */,
				5341657F225F13CE009847A9 /* Frameworks */,
				53416580225F13CE009847A9 /* Resources */,
			);
			buildRules = (
			);
			dependencies = (
				53416584225F13CE009847A9 /* PBXTargetDependency */,
			);
			name = ComponentTestUITests;
			productName = ComponentTestUITests;
			productReference = 53416582225F13CE009847A9 /* ComponentTestUITests.xctest */;
			productType = "com.apple.product-type.bundle.ui-testing";
		};
/* End PBXNativeTarget section */

/* Begin PBXProject section */
		53416557225F13CC009847A9 /* Project object */ = {
			isa = PBXProject;
			attributes = {
				LastUpgradeCheck = 1010;
				ORGANIZATIONNAME = "王林芳";
				TargetAttributes = {
					5341655E225F13CC009847A9 = {
						CreatedOnToolsVersion = 10.1;
					};
					53416576225F13CE009847A9 = {
						CreatedOnToolsVersion = 10.1;
						TestTargetID = 5341655E225F13CC009847A9;
					};
					53416581225F13CE009847A9 = {
						CreatedOnToolsVersion = 10.1;
						TestTargetID = 5341655E225F13CC009847A9;
					};
				};
			};
			buildConfigurationList = 5341655A225F13CC009847A9 /* Build configuration list for PBXProject "ComponentTest" */;
			compatibilityVersion = "Xcode 9.3";
			developmentRegion = en;
			hasScannedForEncodings = 0;
			knownRegions = (
				en,
				Base,
			);
			mainGroup = 53416556225F13CC009847A9;
			productRefGroup = 53416560225F13CC009847A9 /* Products */;
			projectDirPath = "";
			projectRoot = "";
			targets = (
				5341655E225F13CC009847A9 /* ComponentTest */,
				53416576225F13CE009847A9 /* ComponentTestTests */,
				53416581225F13CE009847A9 /* ComponentTestUITests */,
			);
		};
/* End PBXProject section */

/* Begin PBXResourcesBuildPhase section */
		5341655D225F13CC009847A9 /* Resources */ = {
			isa = PBXResourcesBuildPhase;
			buildActionMask = 2147483647;
			files = (
				5341656F225F13CE009847A9 /* LaunchScreen.storyboard in Resources */,
				5341656C225F13CE009847A9 /* Assets.xcassets in Resources */,
				5341656A225F13CC009847A9 /* Main.storyboard in Resources */,
			);
			runOnlyForDeploymentPostprocessing = 0;
		};
		53416575225F13CE009847A9 /* Resources */ = {
			isa = PBXResourcesBuildPhase;
			buildActionMask = 2147483647;
			files = (
			);
			runOnlyForDeploymentPostprocessing = 0;
		};
		53416580225F13CE009847A9 /* Resources */ = {
			isa = PBXResourcesBuildPhase;
			buildActionMask = 2147483647;
			files = (
			);
			runOnlyForDeploymentPostprocessing = 0;
		};
/* End PBXResourcesBuildPhase section */

/* Begin PBXShellScriptBuildPhase section */
		13BABBF755A1EDC53E81E18E /* [CP] Check Pods Manifest.lock */ = {
			isa = PBXShellScriptBuildPhase;
			buildActionMask = 2147483647;
			files = (
			);
			inputFileListPaths = (
			);
			inputPaths = (
				"${PODS_PODFILE_DIR_PATH}/Podfile.lock",
				"${PODS_ROOT}/Manifest.lock",
			);
			name = "[CP] Check Pods Manifest.lock";
			outputFileListPaths = (
			);
			outputPaths = (
				"$(DERIVED_FILE_DIR)/Pods-ComponentTest-checkManifestLockResult.txt",
			);
			runOnlyForDeploymentPostprocessing = 0;
			shellPath = /bin/sh;
			shellScript = "diff \"${PODS_PODFILE_DIR_PATH}/Podfile.lock\" \"${PODS_ROOT}/Manifest.lock\" > /dev/null\nif [ $? != 0 ] ; then\n    # print error to STDERR\n    echo \"error: The sandbox is not in sync with the Podfile.lock. Run 'pod install' or update your CocoaPods installation.\" >&2\n    exit 1\nfi\n# This output is used by Xcode 'outputs' to avoid re-running this script phase.\necho \"SUCCESS\" > \"${SCRIPT_OUTPUT_FILE_0}\"\n";
			showEnvVarsInLog = 0;
		};
		1E729AA19CA95EDEB8A54C6B /* [CP] Check Pods Manifest.lock */ = {
			isa = PBXShellScriptBuildPhase;
			buildActionMask = 2147483647;
			files = (
			);
			inputFileListPaths = (
			);
			inputPaths = (
				"${PODS_PODFILE_DIR_PATH}/Podfile.lock",
				"${PODS_ROOT}/Manifest.lock",
			);
			name = "[CP] Check Pods Manifest.lock";
			outputFileListPaths = (
			);
			outputPaths = (
				"$(DERIVED_FILE_DIR)/Pods-ComponentTestUITests-checkManifestLockResult.txt",
			);
			runOnlyForDeploymentPostprocessing = 0;
			shellPath = /bin/sh;
			shellScript = "diff \"${PODS_PODFILE_DIR_PATH}/Podfile.lock\" \"${PODS_ROOT}/Manifest.lock\" > /dev/null\nif [ $? != 0 ] ; then\n    # print error to STDERR\n    echo \"error: The sandbox is not in sync with the Podfile.lock. Run 'pod install' or update your CocoaPods installation.\" >&2\n    exit 1\nfi\n# This output is used by Xcode 'outputs' to avoid re-running this script phase.\necho \"SUCCESS\" > \"${SCRIPT_OUTPUT_FILE_0}\"\n";
			showEnvVarsInLog = 0;
		};
		536EB728AFFF74B58D0BF4A8 /* [CP] Embed Pods Frameworks */ = {
			isa = PBXShellScriptBuildPhase;
			buildActionMask = 2147483647;
			files = (
			);
			inputFileListPaths = (
			);
			inputPaths = (
				"${SRCROOT}/Pods/Target Support Files/Pods-ComponentTest/Pods-ComponentTest-frameworks.sh",
				"${BUILT_PRODUCTS_DIR}/AFNetwork/AFNetwork.framework",
				"${BUILT_PRODUCTS_DIR}/AFNetworking/AFNetworking.framework",
			);
			name = "[CP] Embed Pods Frameworks";
			outputFileListPaths = (
			);
			outputPaths = (
				"${TARGET_BUILD_DIR}/${FRAMEWORKS_FOLDER_PATH}/AFNetwork.framework",
				"${TARGET_BUILD_DIR}/${FRAMEWORKS_FOLDER_PATH}/AFNetworking.framework",
			);
			runOnlyForDeploymentPostprocessing = 0;
			shellPath = /bin/sh;
			shellScript = "\"${SRCROOT}/Pods/Target Support Files/Pods-ComponentTest/Pods-ComponentTest-frameworks.sh\"\n";
			showEnvVarsInLog = 0;
		};
		C68B087153FBF4C9DF87D75D /* [CP] Check Pods Manifest.lock */ = {
			isa = PBXShellScriptBuildPhase;
			buildActionMask = 2147483647;
			files = (
			);
			inputFileListPaths = (
			);
			inputPaths = (
				"${PODS_PODFILE_DIR_PATH}/Podfile.lock",
				"${PODS_ROOT}/Manifest.lock",
			);
			name = "[CP] Check Pods Manifest.lock";
			outputFileListPaths = (
			);
			outputPaths = (
				"$(DERIVED_FILE_DIR)/Pods-ComponentTestTests-checkManifestLockResult.txt",
			);
			runOnlyForDeploymentPostprocessing = 0;
			shellPath = /bin/sh;
			shellScript = "diff \"${PODS_PODFILE_DIR_PATH}/Podfile.lock\" \"${PODS_ROOT}/Manifest.lock\" > /dev/null\nif [ $? != 0 ] ; then\n    # print error to STDERR\n    echo \"error: The sandbox is not in sync with the Podfile.lock. Run 'pod install' or update your CocoaPods installation.\" >&2\n    exit 1\nfi\n# This output is used by Xcode 'outputs' to avoid re-running this script phase.\necho \"SUCCESS\" > \"${SCRIPT_OUTPUT_FILE_0}\"\n";
			showEnvVarsInLog = 0;
		};
/* End PBXShellScriptBuildPhase section */

/* Begin PBXSourcesBuildPhase section */
		5341655B225F13CC009847A9 /* Sources */ = {
			isa = PBXSourcesBuildPhase;
			buildActionMask = 2147483647;
			files = (
				53416567225F13CC009847A9 /* ViewController.m in Sources */,
				53416572225F13CE009847A9 /* main.m in Sources */,
				53416564225F13CC009847A9 /* AppDelegate.m in Sources */,
			);
			runOnlyForDeploymentPostprocessing = 0;
		};
		53416573225F13CE009847A9 /* Sources */ = {
			isa = PBXSourcesBuildPhase;
			buildActionMask = 2147483647;
			files = (
				5341657C225F13CE009847A9 /* ComponentTestTests.m in Sources */,
			);
			runOnlyForDeploymentPostprocessing = 0;
		};
		5341657E225F13CE009847A9 /* Sources */ = {
			isa = PBXSourcesBuildPhase;
			buildActionMask = 2147483647;
			files = (
				53416587225F13CE009847A9 /* ComponentTestUITests.m in Sources */,
			);
			runOnlyForDeploymentPostprocessing = 0;
		};
/* End PBXSourcesBuildPhase section */

/* Begin PBXTargetDependency section */
		53416579225F13CE009847A9 /* PBXTargetDependency */ = {
			isa = PBXTargetDependency;
			target = 5341655E225F13CC009847A9 /* ComponentTest */;
			targetProxy = 53416578225F13CE009847A9 /* PBXContainerItemProxy */;
		};
		53416584225F13CE009847A9 /* PBXTargetDependency */ = {
			isa = PBXTargetDependency;
			target = 5341655E225F13CC009847A9 /* ComponentTest */;
			targetProxy = 53416583225F13CE009847A9 /* PBXContainerItemProxy */;
		};
/* End PBXTargetDependency section */

/* Begin PBXVariantGroup section */
		53416568225F13CC009847A9 /* Main.storyboard */ = {
			isa = PBXVariantGroup;
			children = (
				53416569225F13CC009847A9 /* Base */,
			);
			name = Main.storyboard;
			sourceTree = "<group>";
		};
		5341656D225F13CE009847A9 /* LaunchScreen.storyboard */ = {
			isa = PBXVariantGroup;
			children = (
				5341656E225F13CE009847A9 /* Base */,
			);
			name = LaunchScreen.storyboard;
			sourceTree = "<group>";
		};
/* End PBXVariantGroup section */

/* Begin XCBuildConfiguration section */
		53416589225F13CE009847A9 /* Debug */ = {
			isa = XCBuildConfiguration;
			buildSettings = {
				ALWAYS_SEARCH_USER_PATHS = NO;
				CLANG_ANALYZER_NONNULL = YES;
				CLANG_ANALYZER_NUMBER_OBJECT_CONVERSION = YES_AGGRESSIVE;
				CLANG_CXX_LANGUAGE_STANDARD = "gnu++14";
				CLANG_CXX_LIBRARY = "libc++";
				CLANG_ENABLE_MODULES = YES;
				CLANG_ENABLE_OBJC_ARC = YES;
				CLANG_ENABLE_OBJC_WEAK = YES;
				CLANG_WARN_BLOCK_CAPTURE_AUTORELEASING = YES;
				CLANG_WARN_BOOL_CONVERSION = YES;
				CLANG_WARN_COMMA = YES;
				CLANG_WARN_CONSTANT_CONVERSION = YES;
				CLANG_WARN_DEPRECATED_OBJC_IMPLEMENTATIONS = YES;
				CLANG_WARN_DIRECT_OBJC_ISA_USAGE = YES_ERROR;
				CLANG_WARN_DOCUMENTATION_COMMENTS = YES;
				CLANG_WARN_EMPTY_BODY = YES;
				CLANG_WARN_ENUM_CONVERSION = YES;
				CLANG_WARN_INFINITE_RECURSION = YES;
				CLANG_WARN_INT_CONVERSION = YES;
				CLANG_WARN_NON_LITERAL_NULL_CONVERSION = YES;
				CLANG_WARN_OBJC_IMPLICIT_RETAIN_SELF = YES;
				CLANG_WARN_OBJC_LITERAL_CONVERSION = YES;
				CLANG_WARN_OBJC_ROOT_CLASS = YES_ERROR;
				CLANG_WARN_RANGE_LOOP_ANALYSIS = YES;
				CLANG_WARN_STRICT_PROTOTYPES = YES;
				CLANG_WARN_SUSPICIOUS_MOVE = YES;
				CLANG_WARN_UNGUARDED_AVAILABILITY = YES_AGGRESSIVE;
				CLANG_WARN_UNREACHABLE_CODE = YES;
				CLANG_WARN__DUPLICATE_METHOD_MATCH = YES;
				CODE_SIGN_IDENTITY = "iPhone Developer";
				COPY_PHASE_STRIP = NO;
				DEBUG_INFORMATION_FORMAT = dwarf;
				ENABLE_STRICT_OBJC_MSGSEND = YES;
				ENABLE_TESTABILITY = YES;
				GCC_C_LANGUAGE_STANDARD = gnu11;
				GCC_DYNAMIC_NO_PIC = NO;
				GCC_NO_COMMON_BLOCKS = YES;
				GCC_OPTIMIZATION_LEVEL = 0;
				GCC_PREPROCESSOR_DEFINITIONS = (
					"DEBUG=1",
					"$(inherited)",
				);
				GCC_WARN_64_TO_32_BIT_CONVERSION = YES;
				GCC_WARN_ABOUT_RETURN_TYPE = YES_ERROR;
				GCC_WARN_UNDECLARED_SELECTOR = YES;
				GCC_WARN_UNINITIALIZED_AUTOS = YES_AGGRESSIVE;
				GCC_WARN_UNUSED_FUNCTION = YES;
				GCC_WARN_UNUSED_VARIABLE = YES;
				IPHONEOS_DEPLOYMENT_TARGET = 12.1;
				MTL_ENABLE_DEBUG_INFO = INCLUDE_SOURCE;
				MTL_FAST_MATH = YES;
				ONLY_ACTIVE_ARCH = YES;
				SDKROOT = iphoneos;
			};
			name = Debug;
		};
		5341658A225F13CE009847A9 /* Release */ = {
			isa = XCBuildConfiguration;
			buildSettings = {
				ALWAYS_SEARCH_USER_PATHS = NO;
				CLANG_ANALYZER_NONNULL = YES;
				CLANG_ANALYZER_NUMBER_OBJECT_CONVERSION = YES_AGGRESSIVE;
				CLANG_CXX_LANGUAGE_STANDARD = "gnu++14";
				CLANG_CXX_LIBRARY = "libc++";
				CLANG_ENABLE_MODULES = YES;
				CLANG_ENABLE_OBJC_ARC = YES;
				CLANG_ENABLE_OBJC_WEAK = YES;
				CLANG_WARN_BLOCK_CAPTURE_AUTORELEASING = YES;
				CLANG_WARN_BOOL_CONVERSION = YES;
				CLANG_WARN_COMMA = YES;
				CLANG_WARN_CONSTANT_CONVERSION = YES;
				CLANG_WARN_DEPRECATED_OBJC_IMPLEMENTATIONS = YES;
				CLANG_WARN_DIRECT_OBJC_ISA_USAGE = YES_ERROR;
				CLANG_WARN_DOCUMENTATION_COMMENTS = YES;
				CLANG_WARN_EMPTY_BODY = YES;
				CLANG_WARN_ENUM_CONVERSION = YES;
				CLANG_WARN_INFINITE_RECURSION = YES;
				CLANG_WARN_INT_CONVERSION = YES;
				CLANG_WARN_NON_LITERAL_NULL_CONVERSION = YES;
				CLANG_WARN_OBJC_IMPLICIT_RETAIN_SELF = YES;
				CLANG_WARN_OBJC_LITERAL_CONVERSION = YES;
				CLANG_WARN_OBJC_ROOT_CLASS = YES_ERROR;
				CLANG_WARN_RANGE_LOOP_ANALYSIS = YES;
				CLANG_WARN_STRICT_PROTOTYPES = YES;
				CLANG_WARN_SUSPICIOUS_MOVE = YES;
				CLANG_WARN_UNGUARDED_AVAILABILITY = YES_AGGRESSIVE;
				CLANG_WARN_UNREACHABLE_CODE = YES;
				CLANG_WARN__DUPLICATE_METHOD_MATCH = YES;
				CODE_SIGN_IDENTITY = "iPhone Developer";
				COPY_PHASE_STRIP = NO;
				DEBUG_INFORMATION_FORMAT = "dwarf-with-dsym";
				ENABLE_NS_ASSERTIONS = NO;
				ENABLE_STRICT_OBJC_MSGSEND = YES;
				GCC_C_LANGUAGE_STANDARD = gnu11;
				GCC_NO_COMMON_BLOCKS = YES;
				GCC_WARN_64_TO_32_BIT_CONVERSION = YES;
				GCC_WARN_ABOUT_RETURN_TYPE = YES_ERROR;
				GCC_WARN_UNDECLARED_SELECTOR = YES;
				GCC_WARN_UNINITIALIZED_AUTOS = YES_AGGRESSIVE;
				GCC_WARN_UNUSED_FUNCTION = YES;
				GCC_WARN_UNUSED_VARIABLE = YES;
				IPHONEOS_DEPLOYMENT_TARGET = 12.1;
				MTL_ENABLE_DEBUG_INFO = NO;
				MTL_FAST_MATH = YES;
				SDKROOT = iphoneos;
				VALIDATE_PRODUCT = YES;
			};
			name = Release;
		};
		5341658C225F13CE009847A9 /* Debug */ = {
			isa = XCBuildConfiguration;
			baseConfigurationReference = 117046BB0367B763BF616D3C /* Pods-ComponentTest.debug.xcconfig */;
			buildSettings = {
				ASSETCATALOG_COMPILER_APPICON_NAME = AppIcon;
				CODE_SIGN_STYLE = Automatic;
				DEVELOPMENT_TEAM = RTCU5UMB9U;
				INFOPLIST_FILE = ComponentTest/Info.plist;
				IPHONEOS_DEPLOYMENT_TARGET = 9.0;
				LD_RUNPATH_SEARCH_PATHS = (
					"$(inherited)",
					"@executable_path/Frameworks",
				);
				PRODUCT_BUNDLE_IDENTIFIER = LF.ComponentTest;
				PRODUCT_NAME = "$(TARGET_NAME)";
				TARGETED_DEVICE_FAMILY = "1,2";
			};
			name = Debug;
		};
		5341658D225F13CE009847A9 /* Release */ = {
			isa = XCBuildConfiguration;
			baseConfigurationReference = 87E1F97C511EE8A7751DB68E /* Pods-ComponentTest.release.xcconfig */;
			buildSettings = {
				ASSETCATALOG_COMPILER_APPICON_NAME = AppIcon;
				CODE_SIGN_STYLE = Automatic;
				DEVELOPMENT_TEAM = RTCU5UMB9U;
				INFOPLIST_FILE = ComponentTest/Info.plist;
				IPHONEOS_DEPLOYMENT_TARGET = 9.0;
				LD_RUNPATH_SEARCH_PATHS = (
					"$(inherited)",
					"@executable_path/Frameworks",
				);
				PRODUCT_BUNDLE_IDENTIFIER = LF.ComponentTest;
				PRODUCT_NAME = "$(TARGET_NAME)";
				TARGETED_DEVICE_FAMILY = "1,2";
			};
			name = Release;
		};
		5341658F225F13CE009847A9 /* Debug */ = {
			isa = XCBuildConfiguration;
			baseConfigurationReference = D55BC552204BD711D7A827B4 /* Pods-ComponentTestTests.debug.xcconfig */;
			buildSettings = {
				BUNDLE_LOADER = "$(TEST_HOST)";
				CODE_SIGN_STYLE = Automatic;
				DEVELOPMENT_TEAM = RTCU5UMB9U;
				INFOPLIST_FILE = ComponentTestTests/Info.plist;
				LD_RUNPATH_SEARCH_PATHS = (
					"$(inherited)",
					"@executable_path/Frameworks",
					"@loader_path/Frameworks",
				);
				PRODUCT_BUNDLE_IDENTIFIER = LF.ComponentTestTests;
				PRODUCT_NAME = "$(TARGET_NAME)";
				TARGETED_DEVICE_FAMILY = "1,2";
				TEST_HOST = "$(BUILT_PRODUCTS_DIR)/ComponentTest.app/ComponentTest";
			};
			name = Debug;
		};
		53416590225F13CE009847A9 /* Release */ = {
			isa = XCBuildConfiguration;
			baseConfigurationReference = 1B27E4BADE239C4B0FF5846A /* Pods-ComponentTestTests.release.xcconfig */;
			buildSettings = {
				BUNDLE_LOADER = "$(TEST_HOST)";
				CODE_SIGN_STYLE = Automatic;
				DEVELOPMENT_TEAM = RTCU5UMB9U;
				INFOPLIST_FILE = ComponentTestTests/Info.plist;
				LD_RUNPATH_SEARCH_PATHS = (
					"$(inherited)",
					"@executable_path/Frameworks",
					"@loader_path/Frameworks",
				);
				PRODUCT_BUNDLE_IDENTIFIER = LF.ComponentTestTests;
				PRODUCT_NAME = "$(TARGET_NAME)";
				TARGETED_DEVICE_FAMILY = "1,2";
				TEST_HOST = "$(BUILT_PRODUCTS_DIR)/ComponentTest.app/ComponentTest";
			};
			name = Release;
		};
		53416592225F13CE009847A9 /* Debug */ = {
			isa = XCBuildConfiguration;
			baseConfigurationReference = CB238109B7C9595D3AAA7D23 /* Pods-ComponentTestUITests.debug.xcconfig */;
			buildSettings = {
				CODE_SIGN_STYLE = Automatic;
				DEVELOPMENT_TEAM = RTCU5UMB9U;
				INFOPLIST_FILE = ComponentTestUITests/Info.plist;
				LD_RUNPATH_SEARCH_PATHS = (
					"$(inherited)",
					"@executable_path/Frameworks",
					"@loader_path/Frameworks",
				);
				PRODUCT_BUNDLE_IDENTIFIER = LF.ComponentTestUITests;
				PRODUCT_NAME = "$(TARGET_NAME)";
				TARGETED_DEVICE_FAMILY = "1,2";
				TEST_TARGET_NAME = ComponentTest;
			};
			name = Debug;
		};
		53416593225F13CE009847A9 /* Release */ = {
			isa = XCBuildConfiguration;
			baseConfigurationReference = A6630761C72836B22783B88D /* Pods-ComponentTestUITests.release.xcconfig */;
			buildSettings = {
				CODE_SIGN_STYLE = Automatic;
				DEVELOPMENT_TEAM = RTCU5UMB9U;
				INFOPLIST_FILE = ComponentTestUITests/Info.plist;
				LD_RUNPATH_SEARCH_PATHS = (
					"$(inherited)",
					"@executable_path/Frameworks",
					"@loader_path/Frameworks",
				);
				PRODUCT_BUNDLE_IDENTIFIER = LF.ComponentTestUITests;
				PRODUCT_NAME = "$(TARGET_NAME)";
				TARGETED_DEVICE_FAMILY = "1,2";
				TEST_TARGET_NAME = ComponentTest;
			};
			name = Release;
		};
/* End XCBuildConfiguration section */

/* Begin XCConfigurationList section */
		5341655A225F13CC009847A9 /* Build configuration list for PBXProject "ComponentTest" */ = {
			isa = XCConfigurationList;
			buildConfigurations = (
				53416589225F13CE009847A9 /* Debug */,
				5341658A225F13CE009847A9 /* Release */,
			);
			defaultConfigurationIsVisible = 0;
			defaultConfigurationName = Release;
		};
		5341658B225F13CE009847A9 /* Build configuration list for PBXNativeTarget "ComponentTest" */ = {
			isa = XCConfigurationList;
			buildConfigurations = (
				5341658C225F13CE009847A9 /* Debug */,
				5341658D225F13CE009847A9 /* Release */,
			);
			defaultConfigurationIsVisible = 0;
			defaultConfigurationName = Release;
		};
		5341658E225F13CE009847A9 /* Build configuration list for PBXNativeTarget "ComponentTestTests" */ = {
			isa = XCConfigurationList;
			buildConfigurations = (
				5341658F225F13CE009847A9 /* Debug */,
				53416590225F13CE009847A9 /* Release */,
			);
			defaultConfigurationIsVisible = 0;
			defaultConfigurationName = Release;
		};
		53416591225F13CE009847A9 /* Build configuration list for PBXNativeTarget "ComponentTestUITests" */ = {
			isa = XCConfigurationList;
			buildConfigurations = (
				53416592225F13CE009847A9 /* Debug */,
				53416593225F13CE009847A9 /* Release */,
			);
			defaultConfigurationIsVisible = 0;
			defaultConfigurationName = Release;
		};
/* End XCConfigurationList section */
	};
	rootObject = 53416557225F13CC009847A9 /* Project object */;
}
